
Microsoft Visual Studio Solution File, Format Version 12.00
# Visual Studio 15
VisualStudioVersion = 15.0.27130.2036
MinimumVisualStudioVersion = 10.0.40219.1
Project("{FAE04EC0-301F-11D3-BF4B-00C04F79EFBC}") = "Library3700", "Library3700\Library3700.csproj", "{0B3EEA51-654C-4AEE-963F-E4D33D246C19}"
EndProject
Global
	GlobalSection(SolutionConfigurationPlatforms) = preSolution
		Debug|Any CPU = Debug|Any CPU
		Release|Any CPU = Release|Any CPU
	EndGlobalSection
	GlobalSection(ProjectConfigurationPlatforms) = postSolution
		{0B3EEA51-654C-4AEE-963F-E4D33D246C19}.Debug|Any CPU.ActiveCfg = Debug|Any CPU
		{0B3EEA51-654C-4AEE-963F-E4D33D246C19}.Debug|Any CPU.Build.0 = Debug|Any CPU
		{0B3EEA51-654C-4AEE-963F-E4D33D246C19}.Release|Any CPU.ActiveCfg = Release|Any CPU
		{0B3EEA51-654C-4AEE-963F-E4D33D246C19}.Release|Any CPU.Build.0 = Release|Any CPU
	EndGlobalSection
	GlobalSection(SolutionProperties) = preSolution
		HideSolutionNode = FALSE
	EndGlobalSection
	GlobalSection(ExtensibilityGlobals) = postSolution
		SolutionGuid = {FA03CB5D-0394-4413-A777-12CD276B8FC4}
	EndGlobalSection
EndGlobal
